<?xml version="1.0" encoding="utf-8"?>
<Project ToolsVersion="4.0" xmlns="http://schemas.microsoft.com/developer/msbuild/2003">
  <ItemGroup>
    <Filter Include="ソース ファイル">
      <UniqueIdentifier>{4FC737F1-C7A5-4376-A066-2A32D752A2FF}</UniqueIdentifier>
      <Extensions>cpp;c;cc;cxx;c++;cppm;ixx;def;odl;idl;hpj;bat;asm;asmx</Extensions>
    </Filter>
    <Filter Include="リソース ファイル">
      <UniqueIdentifier>{67DA6AB6-F800-4c08-8B7A-83BB121AAD01}</UniqueIdentifier>
      <Extensions>rc;ico;cur;bmp;dlg;rc2;rct;bin;rgs;gif;jpg;jpeg;jpe;resx;tiff;tif;png;wav;mfcribbon-ms</Extensions>
    </Filter>
    <Filter Include="ソース ファイル\2d">
      <UniqueIdentifier>{003d5477-41be-47e7-a06e-247c04d1a934}</UniqueIdentifier>
    </Filter>
    <Filter Include="ソース ファイル\3d">
      <UniqueIdentifier>{fae37165-57c0-4ab7-86f4-5532a302b9f9}</UniqueIdentifier>
    </Filter>
    <Filter Include="ソース ファイル\audio">
      <UniqueIdentifier>{09413795-d5d4-45bc-8323-652569859494}</UniqueIdentifier>
    </Filter>
    <Filter Include="ソース ファイル\base">
      <UniqueIdentifier>{26d7d425-32a3-426c-8b88-264c21d9d4cd}</UniqueIdentifier>
    </Filter>
    <Filter Include="ソース ファイル\camera">
      <UniqueIdentifier>{d59ecb22-110b-4c33-8213-def2620109cb}</UniqueIdentifier>
    </Filter>
    <Filter Include="ソース ファイル\collision">
      <UniqueIdentifier>{a1d66a30-c7f6-4fe6-ac54-947418e5ecf7}</UniqueIdentifier>
    </Filter>
    <Filter Include="ソース ファイル\effect">
      <UniqueIdentifier>{983ee0d3-0fcb-41ab-98ab-cd97d7df53ce}</UniqueIdentifier>
    </Filter>
    <Filter Include="ソース ファイル\input">
      <UniqueIdentifier>{d8b16418-c3f1-458f-b278-59ac513a66de}</UniqueIdentifier>
    </Filter>
    <Filter Include="ソース ファイル\light">
      <UniqueIdentifier>{bda73ed8-6af2-4f4e-8d2f-de810cdcaef2}</UniqueIdentifier>
    </Filter>
    <Filter Include="ソース ファイル\scene">
      <UniqueIdentifier>{21643c0d-a001-4739-b615-731b49376ae6}</UniqueIdentifier>
    </Filter>
    <Filter Include="ソース ファイル\2d\sprite">
      <UniqueIdentifier>{89301056-3b03-4733-9918-8ebb6d944f7a}</UniqueIdentifier>
    </Filter>
    <Filter Include="ソース ファイル\2d\debugText">
      <UniqueIdentifier>{914f37a0-7fd7-4a2b-bbbd-d674a1e86280}</UniqueIdentifier>
    </Filter>
    <Filter Include="ソース ファイル\3d\particle">
      <UniqueIdentifier>{88c08148-ee75-4804-aa2a-50437b3e454b}</UniqueIdentifier>
    </Filter>
    <Filter Include="ソース ファイル\3d\object">
      <UniqueIdentifier>{132e1006-364c-4c7f-9c47-01f9552eca50}</UniqueIdentifier>
    </Filter>
    <Filter Include="ソース ファイル\base\DirectX">
      <UniqueIdentifier>{3d8a6f1c-a734-453e-8ee3-8ff8cabd7f0a}</UniqueIdentifier>
    </Filter>
    <Filter Include="ソース ファイル\base\window">
      <UniqueIdentifier>{3e9b009a-ab10-4209-81b4-8903522545c3}</UniqueIdentifier>
    </Filter>
    <Filter Include="ソース ファイル\base\game">
      <UniqueIdentifier>{d9ea0d6c-a39b-41e3-877f-d98814c2034c}</UniqueIdentifier>
    </Filter>
    <Filter Include="ソース ファイル\base\pipelineSet">
      <UniqueIdentifier>{9b113925-a59f-476e-89cb-f83e5ec01597}</UniqueIdentifier>
    </Filter>
    <Filter Include="ソース ファイル\effect\easing">
      <UniqueIdentifier>{c6e660ba-54dc-4d48-97bc-b082ef65c107}</UniqueIdentifier>
    </Filter>
  </ItemGroup>
  <ItemGroup>
    <ClCompile Include="audio\Audio.cpp">
      <Filter>ソース ファイル\audio</Filter>
    </ClCompile>
    <ClCompile Include="camera\Camera.cpp">
      <Filter>ソース ファイル\camera</Filter>
    </ClCompile>
    <ClCompile Include="collision\Collision.cpp">
      <Filter>ソース ファイル\collision</Filter>
    </ClCompile>
    <ClCompile Include="collision\CollisionPrimitive.cpp">
      <Filter>ソース ファイル\collision</Filter>
    </ClCompile>
    <ClCompile Include="input\Input.cpp">
      <Filter>ソース ファイル\input</Filter>
    </ClCompile>
    <ClCompile Include="light\LightGroup.cpp">
      <Filter>ソース ファイル\light</Filter>
    </ClCompile>
    <ClCompile Include="scene\GameScene.cpp">
      <Filter>ソース ファイル\scene</Filter>
    </ClCompile>
    <ClCompile Include="scene\TitleScene.cpp">
      <Filter>ソース ファイル\scene</Filter>
    </ClCompile>
    <ClCompile Include="main.cpp">
      <Filter>ソース ファイル</Filter>
    </ClCompile>
    <ClCompile Include="2d\SpriteCommon.cpp">
      <Filter>ソース ファイル\2d\sprite</Filter>
    </ClCompile>
    <ClCompile Include="2d\Sprite.cpp">
      <Filter>ソース ファイル\2d\sprite</Filter>
    </ClCompile>
    <ClCompile Include="2d\DebugText.cpp">
      <Filter>ソース ファイル\2d\debugText</Filter>
    </ClCompile>
    <ClCompile Include="3d\ParticleManager.cpp">
      <Filter>ソース ファイル\3d\particle</Filter>
    </ClCompile>
    <ClCompile Include="3d\Object3d.cpp">
      <Filter>ソース ファイル\3d\object</Filter>
    </ClCompile>
    <ClCompile Include="3d\Model.cpp">
      <Filter>ソース ファイル\3d\object</Filter>
    </ClCompile>
    <ClCompile Include="base\DirectXBase.cpp">
      <Filter>ソース ファイル\base\DirectX</Filter>
    </ClCompile>
    <ClCompile Include="base\WindowApp.cpp">
      <Filter>ソース ファイル\base\window</Filter>
    </ClCompile>
    <ClCompile Include="base\SceneManager.cpp">
      <Filter>ソース ファイル\base\game</Filter>
    </ClCompile>
    <ClCompile Include="base\SceneFactory.cpp">
      <Filter>ソース ファイル\base\game</Filter>
    </ClCompile>
    <ClCompile Include="base\FrameWork.cpp">
      <Filter>ソース ファイル\base\game</Filter>
    </ClCompile>
    <ClCompile Include="base\AndosGame.cpp">
      <Filter>ソース ファイル\base\game</Filter>
    </ClCompile>
    <ClCompile Include="effect\Easing.cpp">
      <Filter>ソース ファイル\effect\easing</Filter>
    </ClCompile>
    <ClCompile Include="3d\FbxLoader.cpp">
      <Filter>ソース ファイル\3d\object</Filter>
    </ClCompile>
  </ItemGroup>
  <ItemGroup>
    <None Include="Resources\shaders\Basic.hlsli">
      <Filter>リソース ファイル</Filter>
    </None>
    <None Include="Resources\shaders\Sprite.hlsli">
      <Filter>リソース ファイル</Filter>
    </None>
    <None Include="Resources\shaders\Particle.hlsli">
      <Filter>リソース ファイル</Filter>
    </None>
    <None Include="Resources\shaders\Obj.hlsli">
      <Filter>リソース ファイル</Filter>
    </None>
  </ItemGroup>
  <ItemGroup>
    <FxCompile Include="Resources\shaders\BasicPS.hlsl">
      <Filter>リソース ファイル</Filter>
    </FxCompile>
    <FxCompile Include="Resources\shaders\BasicVS.hlsl">
      <Filter>リソース ファイル</Filter>
    </FxCompile>
    <FxCompile Include="Resources\shaders\SpritePS.hlsl">
      <Filter>リソース ファイル</Filter>
    </FxCompile>
    <FxCompile Include="Resources\shaders\SpriteVS.hlsl">
      <Filter>リソース ファイル</Filter>
    </FxCompile>
    <FxCompile Include="Resources\shaders\ParticleGS.hlsl">
      <Filter>リソース ファイル</Filter>
    </FxCompile>
    <FxCompile Include="Resources\shaders\ParticlePS.hlsl">
      <Filter>リソース ファイル</Filter>
    </FxCompile>
    <FxCompile Include="Resources\shaders\ParticleVS.hlsl">
      <Filter>リソース ファイル</Filter>
    </FxCompile>
    <FxCompile Include="Resources\shaders\ObjPS.hlsl">
      <Filter>リソース ファイル</Filter>
    </FxCompile>
    <FxCompile Include="Resources\shaders\ObjVS.hlsl">
      <Filter>リソース ファイル</Filter>
    </FxCompile>
  </ItemGroup>
  <ItemGroup>
    <ClInclude Include="2d\SpriteCommon.h">
      <Filter>ソース ファイル\2d\sprite</Filter>
    </ClInclude>
    <ClInclude Include="2d\Sprite.h">
      <Filter>ソース ファイル\2d\sprite</Filter>
    </ClInclude>
    <ClInclude Include="2d\DebugText.h">
      <Filter>ソース ファイル\2d\debugText</Filter>
    </ClInclude>
    <ClInclude Include="3d\ParticleManager.h">
      <Filter>ソース ファイル\3d\particle</Filter>
    </ClInclude>
    <ClInclude Include="3d\Object3d.h">
      <Filter>ソース ファイル\3d\object</Filter>
    </ClInclude>
    <ClInclude Include="3d\Model.h">
      <Filter>ソース ファイル\3d\object</Filter>
    </ClInclude>
    <ClInclude Include="audio\Audio.h">
      <Filter>ソース ファイル\audio</Filter>
    </ClInclude>
    <ClInclude Include="base\DirectXBase.h">
      <Filter>ソース ファイル\base\DirectX</Filter>
    </ClInclude>
    <ClInclude Include="base\WindowApp.h">
      <Filter>ソース ファイル\base\window</Filter>
    </ClInclude>
    <ClInclude Include="base\AbstractSceneFactory.h">
      <Filter>ソース ファイル\base\game</Filter>
    </ClInclude>
    <ClInclude Include="base\AndosGame.h">
      <Filter>ソース ファイル\base\game</Filter>
    </ClInclude>
    <ClInclude Include="base\FrameWork.h">
      <Filter>ソース ファイル\base\game</Filter>
    </ClInclude>
    <ClInclude Include="base\SceneFactory.h">
      <Filter>ソース ファイル\base\game</Filter>
    </ClInclude>
    <ClInclude Include="base\SceneManager.h">
      <Filter>ソース ファイル\base\game</Filter>
    </ClInclude>
    <ClInclude Include="base\PipelineSet.h">
      <Filter>ソース ファイル\base\pipelineSet</Filter>
    </ClInclude>
    <ClInclude Include="camera\Camera.h">
      <Filter>ソース ファイル\camera</Filter>
    </ClInclude>
    <ClInclude Include="collision\CollisionPrimitive.h">
      <Filter>ソース ファイル\collision</Filter>
    </ClInclude>
    <ClInclude Include="collision\Collision.h">
      <Filter>ソース ファイル\collision</Filter>
    </ClInclude>
    <ClInclude Include="effect\Easing.h">
      <Filter>ソース ファイル\effect\easing</Filter>
    </ClInclude>
    <ClInclude Include="input\Input.h">
      <Filter>ソース ファイル\input</Filter>
    </ClInclude>
    <ClInclude Include="light\CircleShadow.h">
      <Filter>ソース ファイル\light</Filter>
    </ClInclude>
    <ClInclude Include="light\DirectionalLight.h">
      <Filter>ソース ファイル\light</Filter>
    </ClInclude>
    <ClInclude Include="light\LightGroup.h">
      <Filter>ソース ファイル\light</Filter>
    </ClInclude>
    <ClInclude Include="light\PointLight.h">
      <Filter>ソース ファイル\light</Filter>
    </ClInclude>
    <ClInclude Include="light\SpotLight.h">
      <Filter>ソース ファイル\light</Filter>
    </ClInclude>
    <ClInclude Include="scene\TitleScene.h">
      <Filter>ソース ファイル\scene</Filter>
    </ClInclude>
    <ClInclude Include="scene\GameScene.h">
      <Filter>ソース ファイル\scene</Filter>
    </ClInclude>
    <ClInclude Include="scene\BaseScene.h">
      <Filter>ソース ファイル\scene</Filter>
    </ClInclude>
    <ClInclude Include="3d\FbxLoader.h">
      <Filter>ソース ファイル\3d\object</Filter>
    </ClInclude>
  </ItemGroup>
</Project>